{
  "name": "bedrock-energistics-core-api",
  "version": "0.6.0",
  "lockfileVersion": 3,
  "requires": true,
  "packages": {
    "": {
      "name": "bedrock-energistics-core-api",
      "version": "0.6.0",
      "license": "ISC",
      "dependencies": {
        "@minecraft/math": "^2.1.0",
        "mcbe-addon-ipc": "0.7.1"
      },
      "devDependencies": {
        "@minecraft/server": "=1.15.0"
      },
      "peerDependencies": {
        "@minecraft/server": "^1.15.0"
      }
    },
    "node_modules/@minecraft/common": {
      "version": "1.2.0",
      "license": "MIT"
    },
    "node_modules/@minecraft/math": {
      "version": "2.1.0",
      "resolved": "https://registry.npmjs.org/@minecraft/math/-/math-2.1.0.tgz",
      "integrity": "sha512-cxUP4npYFjuIQFU30mS1XBhqhnNsziN5MZ9EIdpUeNx5afaOMG0jrXYMgmrODPpnaFc9fcygcv9wBoAWyjiS3A==",
      "license": "MIT",
      "peerDependencies": {
        "@minecraft/server": "^1.15.0"
      }
    },
    "node_modules/@minecraft/server": {
      "version": "1.15.0",
      "license": "MIT",
      "dependencies": {
        "@minecraft/common": "^1.1.0"
      }
    },
    "node_modules/mcbe-addon-ipc": {
      "version": "0.7.1",
      "resolved": "https://registry.npmjs.org/mcbe-addon-ipc/-/mcbe-addon-ipc-0.7.1.tgz",
      "integrity": "sha512-vBPsh6GaW23rsQ08sygMEHtuck/OXsZZ7CwMqZNHDDvwbrB7w2PP8tkVgNTitH9TFPNP2Ud0155w6rM15s/c1Q==",
      "license": "ISC",
      "peerDependencies": {
        "@minecraft/server": "^1.13.0"
      }
    }
  }
}
