{
  "name": "bedrock-energistics-core-api",
  "version": "0.8.0",
  "lockfileVersion": 3,
  "requires": true,
  "packages": {
    "": {
      "name": "bedrock-energistics-core-api",
      "version": "0.8.0",
      "license": "ISC",
      "dependencies": {
        "@minecraft/math": "^2.2.6",
        "mcbe-addon-ipc": "^0.8.1"
      },
      "devDependencies": {
        "@minecraft/server": "^2.0.0",
        "@minecraft/vanilla-data": ">=1.21.90"
      },
      "peerDependencies": {
        "@minecraft/server": "^2.0.0",
        "@minecraft/vanilla-data": ">=1.21.90"
      }
    },
    "node_modules/@minecraft/common": {
      "version": "1.2.0",
      "license": "MIT"
    },
    "node_modules/@minecraft/math": {
      "version": "2.2.6",
      "resolved": "https://registry.npmjs.org/@minecraft/math/-/math-2.2.6.tgz",
      "integrity": "sha512-9IguOglDqwh9xKqnRK2+Zo4Vxc2MTHTngaICRsSrpdNqnXX6+VM+r1EmF6kXXu8UqaZ8hRlQkvD11iB+yTP6Cg==",
      "license": "MIT",
      "peerDependencies": {
        "@minecraft/server": "^1.15.0"
      }
    },
    "node_modules/@minecraft/server": {
      "version": "2.0.0",
      "resolved": "https://registry.npmjs.org/@minecraft/server/-/server-2.0.0.tgz",
      "integrity": "sha512-X2LmT82eO0oCjOFaFgg6zoGenAUSyrG+YvIbe7/FSPj9hpMt4BtOIs7axoQUUvMx2NNbq8uEsnQadMMrDDBmUA==",
      "license": "MIT",
      "dependencies": {
        "@minecraft/common": "^1.1.0"
      },
      "peerDependencies": {
        "@minecraft/vanilla-data": ">=1.20.70"
      }
    },
    "node_modules/@minecraft/vanilla-data": {
      "version": "1.21.90",
      "resolved": "https://registry.npmjs.org/@minecraft/vanilla-data/-/vanilla-data-1.21.90.tgz",
      "integrity": "sha512-Ca983n2C4mYWb3X+f73k4jCzxnBoxh88VQD4o8wfHbTFujpkO/RCWkvRWSE7fGBxrLF391OvRigKONGJ6SreJQ==",
      "license": "MIT"
    },
    "node_modules/mcbe-addon-ipc": {
      "version": "0.8.1",
      "resolved": "https://registry.npmjs.org/mcbe-addon-ipc/-/mcbe-addon-ipc-0.8.1.tgz",
      "integrity": "sha512-LMl9h3jZfqahqqy7/2jrQSccO3pzwUSyvVhQhGYUN2Za6KnKHHEfqiFxj8CqRY/mF/13Kez9r98eGlYtFCS5Yw==",
      "license": "ISC",
      "peerDependencies": {
        "@minecraft/server": "^1.18.0"
      }
    }
  }
}
