{
  "name": "bedrock-energistics-core-api",
  "version": "0.8.0",
  "lockfileVersion": 3,
  "requires": true,
  "packages": {
    "": {
      "name": "bedrock-energistics-core-api",
      "version": "0.8.0",
      "license": "ISC",
      "dependencies": {
        "@minecraft/math": "^1.5.2",
        "mcbe-addon-ipc": "^0.8.1"
      },
      "devDependencies": {
        "@minecraft/server": "1.18.0",
        "@minecraft/vanilla-data": "1.21.70"
      },
      "peerDependencies": {
        "@minecraft/server": "^1.18.0",
        "@minecraft/vanilla-data": ">=1.21.70"
      }
    },
    "node_modules/@minecraft/common": {
      "version": "1.2.0",
      "license": "MIT"
    },
    "node_modules/@minecraft/math": {
      "version": "1.5.2",
      "resolved": "https://registry.npmjs.org/@minecraft/math/-/math-1.5.2.tgz",
      "integrity": "sha512-xKoi7uaoykbwDiRPmfwQCvyVXYn/K6C5ZxGuwLnzN73X3y8dO0INiXlICur8n959v9OEke844nYfiwf0tB1Icw==",
      "license": "MIT",
      "peerDependencies": {
        "@minecraft/server": "^1.15.0"
      }
    },
    "node_modules/@minecraft/server": {
      "version": "1.18.0",
      "resolved": "https://registry.npmjs.org/@minecraft/server/-/server-1.18.0.tgz",
      "integrity": "sha512-X3HKKezj3ZeUCBay6FJOtUq56rq8fnYRpgKaW7PgRcOJyIaLatuq/Ml01mQdUtxlKdMxZdkDS3w0SnENVfaudA==",
      "license": "MIT",
      "dependencies": {
        "@minecraft/common": "^1.1.0"
      },
      "peerDependencies": {
        "@minecraft/vanilla-data": ">=1.20.70"
      }
    },
    "node_modules/@minecraft/vanilla-data": {
      "version": "1.21.70",
      "resolved": "https://registry.npmjs.org/@minecraft/vanilla-data/-/vanilla-data-1.21.70.tgz",
      "integrity": "sha512-ZRucoKOWTvRMu0qVSlPTr/rVzZsMe/GVdoCUzzxg77QUzJE+2tc+lqdNNcby7Oa43v+fDdj2f5rlOPUG7Cu7Tg==",
      "license": "MIT"
    },
    "node_modules/mcbe-addon-ipc": {
      "version": "0.8.1",
      "resolved": "https://registry.npmjs.org/mcbe-addon-ipc/-/mcbe-addon-ipc-0.8.1.tgz",
      "integrity": "sha512-LMl9h3jZfqahqqy7/2jrQSccO3pzwUSyvVhQhGYUN2Za6KnKHHEfqiFxj8CqRY/mF/13Kez9r98eGlYtFCS5Yw==",
      "license": "ISC",
      "peerDependencies": {
        "@minecraft/server": "^1.18.0"
      }
    }
  }
}
